github.com/codeation/impress v1.0.3 h1:aReP0IPp7bvEBLH2b/xiteAgqtunjiCjxKlFQPNARnw=
github.com/codeation/impress v1.0.3/go.mod h1:jfJ/e49pEJOUVlNkxvT7Lo3B4plHdGvQB1Cman4CSFQ=
github.com/codeation/lru v1.3.0 h1:BZlD5G4bt0bis9FHV5q3zyyDCAx21ue2CvvM1T8hQl4=
github.com/codeation/lru v1.3.0/go.mod h1:1C9+zUoRETpelIbMxh6wj9APf2VnKh0tk9aRsrOQUsk=
github.com/codeation/tile v0.1.12 h1:IbPiooVQiybRoEX7o8ssq4QkLZ5xGhcTu/UXSDqZMu4=
github.com/codeation/tile v0.1.12/go.mod h1:Q9XR+H0TIiIr2yFRc5boDz2/G4v1tPsWkMvmKJP6jXU=
